
Microsoft Visual Studio Solution File, Format Version 12.00
# Visual Studio Version 17
VisualStudioVersion = 17.11.35327.3
MinimumVisualStudioVersion = 10.0.40219.1
Project("{9A19103F-16F7-4668-BE54-9A1E7A4F7556}") = "WAD.Codebase.00011973", "WAD.Codebase.00011973\WAD.Codebase.00011973.csproj", "{89FED92F-575E-4D00-8AAC-514F031B3548}"
EndProject
Project("{FAE04EC0-301F-11D3-BF4B-00C04F79EFBC}") = "WAD.Codebase.00011973.DAL", "WAD.Codebase.00011973.DAL\WAD.Codebase.00011973.DAL.csproj", "{6503DCCC-59B6-4916-84AF-F799B664D047}"
EndProject
Global
	GlobalSection(SolutionConfigurationPlatforms) = preSolution
		Debug|Any CPU = Debug|Any CPU
		Release|Any CPU = Release|Any CPU
	EndGlobalSection
	GlobalSection(ProjectConfigurationPlatforms) = postSolution
		{89FED92F-575E-4D00-8AAC-514F031B3548}.Debug|Any CPU.ActiveCfg = Debug|Any CPU
		{89FED92F-575E-4D00-8AAC-514F031B3548}.Debug|Any CPU.Build.0 = Debug|Any CPU
		{89FED92F-575E-4D00-8AAC-514F031B3548}.Release|Any CPU.ActiveCfg = Release|Any CPU
		{89FED92F-575E-4D00-8AAC-514F031B3548}.Release|Any CPU.Build.0 = Release|Any CPU
		{6503DCCC-59B6-4916-84AF-F799B664D047}.Debug|Any CPU.ActiveCfg = Debug|Any CPU
		{6503DCCC-59B6-4916-84AF-F799B664D047}.Debug|Any CPU.Build.0 = Debug|Any CPU
		{6503DCCC-59B6-4916-84AF-F799B664D047}.Release|Any CPU.ActiveCfg = Release|Any CPU
		{6503DCCC-59B6-4916-84AF-F799B664D047}.Release|Any CPU.Build.0 = Release|Any CPU
	EndGlobalSection
	GlobalSection(SolutionProperties) = preSolution
		HideSolutionNode = FALSE
	EndGlobalSection
	GlobalSection(ExtensibilityGlobals) = postSolution
		SolutionGuid = {2DDC1F93-7F3A-4FFB-AFBB-9BE440A36C4E}
	EndGlobalSection
EndGlobal
